
Microsoft Visual Studio Solution File, Format Version 12.00
# Visual Studio Version 16
VisualStudioVersion = 16.0.29123.88
MinimumVisualStudioVersion = 10.0.40219.1
Project("{FAE04EC0-301F-11D3-BF4B-00C04F79EFBC}") = "ConsoleApp1", "ConsoleApp1\ConsoleApp1.csproj", "{57D163B0-49B8-4E9F-B1C3-7AE225E11E3B}"
EndProject
Global
	GlobalSection(SolutionConfigurationPlatforms) = preSolution
		Debug|Any CPU = Debug|Any CPU
		Release|Any CPU = Release|Any CPU
	EndGlobalSection
	GlobalSection(ProjectConfigurationPlatforms) = postSolution
		{57D163B0-49B8-4E9F-B1C3-7AE225E11E3B}.Debug|Any CPU.ActiveCfg = Debug|Any CPU
		{57D163B0-49B8-4E9F-B1C3-7AE225E11E3B}.Debug|Any CPU.Build.0 = Debug|Any CPU
		{57D163B0-49B8-4E9F-B1C3-7AE225E11E3B}.Release|Any CPU.ActiveCfg = Release|Any CPU
		{57D163B0-49B8-4E9F-B1C3-7AE225E11E3B}.Release|Any CPU.Build.0 = Release|Any CPU
	EndGlobalSection
	GlobalSection(SolutionProperties) = preSolution
		HideSolutionNode = FALSE
	EndGlobalSection
	GlobalSection(ExtensibilityGlobals) = postSolution
		SolutionGuid = {4D500487-A3A6-43C3-BCBD-820C66887961}
	EndGlobalSection
EndGlobal
